
Microsoft Visual Studio Solution File, Format Version 12.00
# Visual Studio Version 17
VisualStudioVersion = 17.3.32922.545
MinimumVisualStudioVersion = 10.0.40219.1
Project("{FAE04EC0-301F-11D3-BF4B-00C04F79EFBC}") = "E-mail app", "E-mail app\E-mail app.csproj", "{ECC974DE-92C1-409D-83DB-1E646D103C3E}"
EndProject
Global
	GlobalSection(SolutionConfigurationPlatforms) = preSolution
		Debug|Any CPU = Debug|Any CPU
		Release|Any CPU = Release|Any CPU
	EndGlobalSection
	GlobalSection(ProjectConfigurationPlatforms) = postSolution
		{ECC974DE-92C1-409D-83DB-1E646D103C3E}.Debug|Any CPU.ActiveCfg = Debug|Any CPU
		{ECC974DE-92C1-409D-83DB-1E646D103C3E}.Debug|Any CPU.Build.0 = Debug|Any CPU
		{ECC974DE-92C1-409D-83DB-1E646D103C3E}.Release|Any CPU.ActiveCfg = Release|Any CPU
		{ECC974DE-92C1-409D-83DB-1E646D103C3E}.Release|Any CPU.Build.0 = Release|Any CPU
	EndGlobalSection
	GlobalSection(SolutionProperties) = preSolution
		HideSolutionNode = FALSE
	EndGlobalSection
	GlobalSection(ExtensibilityGlobals) = postSolution
		SolutionGuid = {21345DF6-0600-4E71-B296-46C88BB4416D}
	EndGlobalSection
EndGlobal
